
Microsoft Visual Studio Solution File, Format Version 12.00
# Visual Studio 14
VisualStudioVersion = 14.0.25123.0
MinimumVisualStudioVersion = 10.0.40219.1
Project("{FAE04EC0-301F-11D3-BF4B-00C04F79EFBC}") = "TriToe.EncodeBase64", "TriToe.EncodeBase64.csproj", "{3D8E208D-BF2F-4C8A-85DE-4E686EF04369}"
EndProject
Global
	GlobalSection(SolutionConfigurationPlatforms) = preSolution
		Debug|Any CPU = Debug|Any CPU
		Release|Any CPU = Release|Any CPU
	EndGlobalSection
	GlobalSection(ProjectConfigurationPlatforms) = postSolution
		{3D8E208D-BF2F-4C8A-85DE-4E686EF04369}.Debug|Any CPU.ActiveCfg = Debug|Any CPU
		{3D8E208D-BF2F-4C8A-85DE-4E686EF04369}.Debug|Any CPU.Build.0 = Debug|Any CPU
		{3D8E208D-BF2F-4C8A-85DE-4E686EF04369}.Release|Any CPU.ActiveCfg = Release|Any CPU
		{3D8E208D-BF2F-4C8A-85DE-4E686EF04369}.Release|Any CPU.Build.0 = Release|Any CPU
	EndGlobalSection
	GlobalSection(SolutionProperties) = preSolution
		HideSolutionNode = FALSE
	EndGlobalSection
EndGlobal
